{
  "name": "userscript",
  "lockfileVersion": 3,
  "requires": true,
  "packages": {
    "": {
      "dependencies": {
        "@types/tampermonkey": "^5.0.2",
        "idb": "^8.0.3"
      }
    },
    "node_modules/@types/tampermonkey": {
      "version": "5.0.2",
      "resolved": "https://registry.npmjs.org/@types/tampermonkey/-/tampermonkey-5.0.2.tgz",
      "integrity": "sha512-keKnYemqWts68wO2+TBdEg84iQd5vymK5SEQGxitI9uOfOnjm/ZskBoK9ZH3mnSYp79HidZMA/Y7ODQtiA/VIg=="
    },
    "node_modules/idb": {
      "version": "8.0.3",
      "resolved": "https://registry.npmjs.org/idb/-/idb-8.0.3.tgz",
      "integrity": "sha512-LtwtVyVYO5BqRvcsKuB2iUMnHwPVByPCXFXOpuU96IZPPoPN6xjOGxZQ74pgSVVLQWtUOYgyeL4GE98BY5D3wg==",
      "license": "ISC"
    }
  }
}
